
Microsoft Visual Studio Solution File, Format Version 12.00
# Visual Studio 2012
Project("{8BC9CEB8-8B4A-11D0-8D11-00A0C91BC942}") = "CMPSC 122 - LAB 18", "CMPSC 122 - LAB 18\CMPSC 122 - LAB 18.vcxproj", "{0E8A4BC1-D8F6-4616-8776-E77128B6A3E4}"
EndProject
Global
	GlobalSection(SolutionConfigurationPlatforms) = preSolution
		Debug|Win32 = Debug|Win32
		Release|Win32 = Release|Win32
	EndGlobalSection
	GlobalSection(ProjectConfigurationPlatforms) = postSolution
		{0E8A4BC1-D8F6-4616-8776-E77128B6A3E4}.Debug|Win32.ActiveCfg = Debug|Win32
		{0E8A4BC1-D8F6-4616-8776-E77128B6A3E4}.Debug|Win32.Build.0 = Debug|Win32
		{0E8A4BC1-D8F6-4616-8776-E77128B6A3E4}.Release|Win32.ActiveCfg = Release|Win32
		{0E8A4BC1-D8F6-4616-8776-E77128B6A3E4}.Release|Win32.Build.0 = Release|Win32
	EndGlobalSection
	GlobalSection(SolutionProperties) = preSolution
		HideSolutionNode = FALSE
	EndGlobalSection
	GlobalSection(Performance) = preSolution
		HasPerformanceSessions = true
	EndGlobalSection
EndGlobal
