
Microsoft Visual Studio Solution File, Format Version 12.00
# Visual Studio 2012
Project("{8BC9CEB8-8B4A-11D0-8D11-00A0C91BC942}") = "CMPSC 122 - LAB 3 EXTRA CREDIT", "CMPSC 122 - LAB 3 EXTRA CREDIT\CMPSC 122 - LAB 3 EXTRA CREDIT.vcxproj", "{F0C60389-7A8C-4592-A738-A6E38795E940}"
EndProject
Global
	GlobalSection(SolutionConfigurationPlatforms) = preSolution
		Debug|Win32 = Debug|Win32
		Release|Win32 = Release|Win32
	EndGlobalSection
	GlobalSection(ProjectConfigurationPlatforms) = postSolution
		{F0C60389-7A8C-4592-A738-A6E38795E940}.Debug|Win32.ActiveCfg = Debug|Win32
		{F0C60389-7A8C-4592-A738-A6E38795E940}.Debug|Win32.Build.0 = Debug|Win32
		{F0C60389-7A8C-4592-A738-A6E38795E940}.Release|Win32.ActiveCfg = Release|Win32
		{F0C60389-7A8C-4592-A738-A6E38795E940}.Release|Win32.Build.0 = Release|Win32
	EndGlobalSection
	GlobalSection(SolutionProperties) = preSolution
		HideSolutionNode = FALSE
	EndGlobalSection
EndGlobal
