
Microsoft Visual Studio Solution File, Format Version 12.00
# Visual Studio 2012
Project("{8BC9CEB8-8B4A-11D0-8D11-00A0C91BC942}") = "CMPSC122 - LAB 15", "CMPSC122 - LAB 15\CMPSC122 - LAB 15.vcxproj", "{B6626B71-5B3C-4749-BBB5-35BF9E0B396F}"
EndProject
Global
	GlobalSection(SolutionConfigurationPlatforms) = preSolution
		Debug|Win32 = Debug|Win32
		Release|Win32 = Release|Win32
	EndGlobalSection
	GlobalSection(ProjectConfigurationPlatforms) = postSolution
		{B6626B71-5B3C-4749-BBB5-35BF9E0B396F}.Debug|Win32.ActiveCfg = Debug|Win32
		{B6626B71-5B3C-4749-BBB5-35BF9E0B396F}.Debug|Win32.Build.0 = Debug|Win32
		{B6626B71-5B3C-4749-BBB5-35BF9E0B396F}.Release|Win32.ActiveCfg = Release|Win32
		{B6626B71-5B3C-4749-BBB5-35BF9E0B396F}.Release|Win32.Build.0 = Release|Win32
	EndGlobalSection
	GlobalSection(SolutionProperties) = preSolution
		HideSolutionNode = FALSE
	EndGlobalSection
EndGlobal
